PODS:
  - FSCalendar (2.8.4)
  - Masonry (1.1.0)
  - MJExtension (3.4.1)

DEPENDENCIES:
  - FSCalendar
  - Masonry
  - MJExtension

SPEC REPOS:
  https://mirrors.tuna.tsinghua.edu.cn/git/CocoaPods/Specs.git:
    - FSCalendar
    - Masonry
    - MJExtension

SPEC CHECKSUMS:
  FSCalendar: 2d1d0d9398f12d439f55c1fe0f01525b151b8260
  Masonry: 678fab65091a9290e40e2832a55e7ab731aad201
  MJExtension: 21c5f6f8c4d5d8844b7ae8fbae08fed0b501f961

PODFILE CHECKSUM: fa1928bbd0cf3dfafb5a52733bcfc56f55aae7eb

COCOAPODS: 1.12.1
